
Microsoft Visual Studio Solution File, Format Version 12.00
# Visual Studio Version 16
VisualStudioVersion = 16.0.31424.327
MinimumVisualStudioVersion = 10.0.40219.1
Project("{FAE04EC0-301F-11D3-BF4B-00C04F79EFBC}") = "CG_lab2", "CG_lab2\CG_lab2.csproj", "{64AB7252-DCB5-4D4F-A522-F9B859A21425}"
EndProject
Project("{FAE04EC0-301F-11D3-BF4B-00C04F79EFBC}") = "lab3Affinis", "lab3Affinis\lab3Affinis.csproj", "{11E92278-20E9-41B3-BB09-4DE7949D6608}"
EndProject
Project("{FAE04EC0-301F-11D3-BF4B-00C04F79EFBC}") = "lab5", "lab5\lab5.csproj", "{1862CDE1-9FA2-4D1B-9C84-E6F25B724068}"
EndProject
Project("{FAE04EC0-301F-11D3-BF4B-00C04F79EFBC}") = "lab6", "lab6\lab6.csproj", "{8E027569-4614-4845-96A2-36AB2A3E8FBD}"
EndProject
Global
	GlobalSection(SolutionConfigurationPlatforms) = preSolution
		Debug|Any CPU = Debug|Any CPU
		Release|Any CPU = Release|Any CPU
	EndGlobalSection
	GlobalSection(ProjectConfigurationPlatforms) = postSolution
		{64AB7252-DCB5-4D4F-A522-F9B859A21425}.Debug|Any CPU.ActiveCfg = Debug|Any CPU
		{64AB7252-DCB5-4D4F-A522-F9B859A21425}.Debug|Any CPU.Build.0 = Debug|Any CPU
		{64AB7252-DCB5-4D4F-A522-F9B859A21425}.Release|Any CPU.ActiveCfg = Release|Any CPU
		{64AB7252-DCB5-4D4F-A522-F9B859A21425}.Release|Any CPU.Build.0 = Release|Any CPU
		{11E92278-20E9-41B3-BB09-4DE7949D6608}.Debug|Any CPU.ActiveCfg = Debug|Any CPU
		{11E92278-20E9-41B3-BB09-4DE7949D6608}.Debug|Any CPU.Build.0 = Debug|Any CPU
		{11E92278-20E9-41B3-BB09-4DE7949D6608}.Release|Any CPU.ActiveCfg = Release|Any CPU
		{11E92278-20E9-41B3-BB09-4DE7949D6608}.Release|Any CPU.Build.0 = Release|Any CPU
		{1862CDE1-9FA2-4D1B-9C84-E6F25B724068}.Debug|Any CPU.ActiveCfg = Debug|Any CPU
		{1862CDE1-9FA2-4D1B-9C84-E6F25B724068}.Debug|Any CPU.Build.0 = Debug|Any CPU
		{1862CDE1-9FA2-4D1B-9C84-E6F25B724068}.Release|Any CPU.ActiveCfg = Release|Any CPU
		{1862CDE1-9FA2-4D1B-9C84-E6F25B724068}.Release|Any CPU.Build.0 = Release|Any CPU
		{8E027569-4614-4845-96A2-36AB2A3E8FBD}.Debug|Any CPU.ActiveCfg = Debug|Any CPU
		{8E027569-4614-4845-96A2-36AB2A3E8FBD}.Debug|Any CPU.Build.0 = Debug|Any CPU
		{8E027569-4614-4845-96A2-36AB2A3E8FBD}.Release|Any CPU.ActiveCfg = Release|Any CPU
		{8E027569-4614-4845-96A2-36AB2A3E8FBD}.Release|Any CPU.Build.0 = Release|Any CPU
	EndGlobalSection
	GlobalSection(SolutionProperties) = preSolution
		HideSolutionNode = FALSE
	EndGlobalSection
	GlobalSection(ExtensibilityGlobals) = postSolution
		SolutionGuid = {BC109083-B2E4-46C3-B72E-5181095AE7D1}
	EndGlobalSection
EndGlobal
